
Microsoft Visual Studio Solution File, Format Version 12.00
# Visual Studio 14
VisualStudioVersion = 14.0.25420.1
MinimumVisualStudioVersion = 10.0.40219.1
Project("{FAE04EC0-301F-11D3-BF4B-00C04F79EFBC}") = "ConsoleProjectForTest", "ConsoleProjectForTest\ConsoleProjectForTest.csproj", "{2CD0BE55-A2FD-479E-9E11-C40D8228CCC4}"
EndProject
Project("{FAE04EC0-301F-11D3-BF4B-00C04F79EFBC}") = "Car", "ClassLibrary1\Car.csproj", "{53C451B8-5364-4F36-AE43-C0FBDD130249}"
EndProject
Global
	GlobalSection(SolutionConfigurationPlatforms) = preSolution
		Debug|Any CPU = Debug|Any CPU
		Release|Any CPU = Release|Any CPU
	EndGlobalSection
	GlobalSection(ProjectConfigurationPlatforms) = postSolution
		{2CD0BE55-A2FD-479E-9E11-C40D8228CCC4}.Debug|Any CPU.ActiveCfg = Debug|Any CPU
		{2CD0BE55-A2FD-479E-9E11-C40D8228CCC4}.Debug|Any CPU.Build.0 = Debug|Any CPU
		{2CD0BE55-A2FD-479E-9E11-C40D8228CCC4}.Release|Any CPU.ActiveCfg = Release|Any CPU
		{2CD0BE55-A2FD-479E-9E11-C40D8228CCC4}.Release|Any CPU.Build.0 = Release|Any CPU
		{53C451B8-5364-4F36-AE43-C0FBDD130249}.Debug|Any CPU.ActiveCfg = Debug|Any CPU
		{53C451B8-5364-4F36-AE43-C0FBDD130249}.Debug|Any CPU.Build.0 = Debug|Any CPU
		{53C451B8-5364-4F36-AE43-C0FBDD130249}.Release|Any CPU.ActiveCfg = Release|Any CPU
		{53C451B8-5364-4F36-AE43-C0FBDD130249}.Release|Any CPU.Build.0 = Release|Any CPU
	EndGlobalSection
	GlobalSection(SolutionProperties) = preSolution
		HideSolutionNode = FALSE
	EndGlobalSection
EndGlobal
